
Microsoft Visual Studio Solution File, Format Version 12.00
# Visual Studio Version 17
VisualStudioVersion = 17.12.35707.178
MinimumVisualStudioVersion = 10.0.40219.1
Project("{FAE04EC0-301F-11D3-BF4B-00C04F79EFBC}") = "Sprint1", "Sprint1\Sprint1.csproj", "{5010203D-1590-4349-87BA-8867CE788787}"
EndProject
Project("{FAE04EC0-301F-11D3-BF4B-00C04F79EFBC}") = "Sprint3", "Sprint3\Sprint3.csproj", "{55292BB9-6300-4444-8B72-18577FA4B126}"
EndProject
Project("{FAE04EC0-301F-11D3-BF4B-00C04F79EFBC}") = "Sprint4", "Sprint4\Sprint4.csproj", "{7062A1F2-7562-49EE-85B0-AC0C3E854AD2}"
EndProject
Project("{FAE04EC0-301F-11D3-BF4B-00C04F79EFBC}") = "Sprint2a", "Sprint2a\Sprint2a.csproj", "{EFDD17F5-76C5-48FF-B9F4-79B96E18A8B9}"
EndProject
Project("{FAE04EC0-301F-11D3-BF4B-00C04F79EFBC}") = "Sprint5", "Sprint 5\Sprint5.csproj", "{D5A541EE-794B-4837-A3AB-D3290AC96898}"
EndProject
Project("{FAE04EC0-301F-11D3-BF4B-00C04F79EFBC}") = "Sprint6", "Sprint6\Sprint6.csproj", "{EB82A535-A62A-4630-BAF8-7DF38473AAAA}"
EndProject
Project("{FAE04EC0-301F-11D3-BF4B-00C04F79EFBC}") = "Sprint7", "Ssprint7\Sprint7.csproj", "{C8FD728E-56A4-4A28-B5CD-F5019AEA6F04}"
EndProject
Project("{FAE04EC0-301F-11D3-BF4B-00C04F79EFBC}") = "Sprint81", "Sprint81\Sprint81.csproj", "{75182D56-32AB-46C2-87C1-5E3F5AA3E962}"
EndProject
Project("{FAE04EC0-301F-11D3-BF4B-00C04F79EFBC}") = "Sprint82", "Sprint82\Sprint82.csproj", "{21279C06-8BB4-44A7-94A5-C260FD740A82}"
EndProject
Project("{FAE04EC0-301F-11D3-BF4B-00C04F79EFBC}") = "Sprint83", "Sprint83\Sprint83.csproj", "{05A05931-F2ED-4F1E-92E2-E53AE541B0A5}"
EndProject
Global
	GlobalSection(SolutionConfigurationPlatforms) = preSolution
		Debug|Any CPU = Debug|Any CPU
		Release|Any CPU = Release|Any CPU
	EndGlobalSection
	GlobalSection(ProjectConfigurationPlatforms) = postSolution
		{5010203D-1590-4349-87BA-8867CE788787}.Debug|Any CPU.ActiveCfg = Debug|Any CPU
		{5010203D-1590-4349-87BA-8867CE788787}.Debug|Any CPU.Build.0 = Debug|Any CPU
		{5010203D-1590-4349-87BA-8867CE788787}.Release|Any CPU.ActiveCfg = Release|Any CPU
		{5010203D-1590-4349-87BA-8867CE788787}.Release|Any CPU.Build.0 = Release|Any CPU
		{55292BB9-6300-4444-8B72-18577FA4B126}.Debug|Any CPU.ActiveCfg = Debug|Any CPU
		{55292BB9-6300-4444-8B72-18577FA4B126}.Debug|Any CPU.Build.0 = Debug|Any CPU
		{55292BB9-6300-4444-8B72-18577FA4B126}.Release|Any CPU.ActiveCfg = Release|Any CPU
		{55292BB9-6300-4444-8B72-18577FA4B126}.Release|Any CPU.Build.0 = Release|Any CPU
		{7062A1F2-7562-49EE-85B0-AC0C3E854AD2}.Debug|Any CPU.ActiveCfg = Debug|Any CPU
		{7062A1F2-7562-49EE-85B0-AC0C3E854AD2}.Debug|Any CPU.Build.0 = Debug|Any CPU
		{7062A1F2-7562-49EE-85B0-AC0C3E854AD2}.Release|Any CPU.ActiveCfg = Release|Any CPU
		{7062A1F2-7562-49EE-85B0-AC0C3E854AD2}.Release|Any CPU.Build.0 = Release|Any CPU
		{EFDD17F5-76C5-48FF-B9F4-79B96E18A8B9}.Debug|Any CPU.ActiveCfg = Debug|Any CPU
		{EFDD17F5-76C5-48FF-B9F4-79B96E18A8B9}.Debug|Any CPU.Build.0 = Debug|Any CPU
		{EFDD17F5-76C5-48FF-B9F4-79B96E18A8B9}.Release|Any CPU.ActiveCfg = Release|Any CPU
		{EFDD17F5-76C5-48FF-B9F4-79B96E18A8B9}.Release|Any CPU.Build.0 = Release|Any CPU
		{D5A541EE-794B-4837-A3AB-D3290AC96898}.Debug|Any CPU.ActiveCfg = Debug|Any CPU
		{D5A541EE-794B-4837-A3AB-D3290AC96898}.Debug|Any CPU.Build.0 = Debug|Any CPU
		{D5A541EE-794B-4837-A3AB-D3290AC96898}.Release|Any CPU.ActiveCfg = Release|Any CPU
		{D5A541EE-794B-4837-A3AB-D3290AC96898}.Release|Any CPU.Build.0 = Release|Any CPU
		{EB82A535-A62A-4630-BAF8-7DF38473AAAA}.Debug|Any CPU.ActiveCfg = Debug|Any CPU
		{EB82A535-A62A-4630-BAF8-7DF38473AAAA}.Debug|Any CPU.Build.0 = Debug|Any CPU
		{EB82A535-A62A-4630-BAF8-7DF38473AAAA}.Release|Any CPU.ActiveCfg = Release|Any CPU
		{EB82A535-A62A-4630-BAF8-7DF38473AAAA}.Release|Any CPU.Build.0 = Release|Any CPU
		{C8FD728E-56A4-4A28-B5CD-F5019AEA6F04}.Debug|Any CPU.ActiveCfg = Debug|Any CPU
		{C8FD728E-56A4-4A28-B5CD-F5019AEA6F04}.Debug|Any CPU.Build.0 = Debug|Any CPU
		{C8FD728E-56A4-4A28-B5CD-F5019AEA6F04}.Release|Any CPU.ActiveCfg = Release|Any CPU
		{C8FD728E-56A4-4A28-B5CD-F5019AEA6F04}.Release|Any CPU.Build.0 = Release|Any CPU
		{75182D56-32AB-46C2-87C1-5E3F5AA3E962}.Debug|Any CPU.ActiveCfg = Debug|Any CPU
		{75182D56-32AB-46C2-87C1-5E3F5AA3E962}.Debug|Any CPU.Build.0 = Debug|Any CPU
		{75182D56-32AB-46C2-87C1-5E3F5AA3E962}.Release|Any CPU.ActiveCfg = Release|Any CPU
		{75182D56-32AB-46C2-87C1-5E3F5AA3E962}.Release|Any CPU.Build.0 = Release|Any CPU
		{21279C06-8BB4-44A7-94A5-C260FD740A82}.Debug|Any CPU.ActiveCfg = Debug|Any CPU
		{21279C06-8BB4-44A7-94A5-C260FD740A82}.Debug|Any CPU.Build.0 = Debug|Any CPU
		{21279C06-8BB4-44A7-94A5-C260FD740A82}.Release|Any CPU.ActiveCfg = Release|Any CPU
		{21279C06-8BB4-44A7-94A5-C260FD740A82}.Release|Any CPU.Build.0 = Release|Any CPU
		{05A05931-F2ED-4F1E-92E2-E53AE541B0A5}.Debug|Any CPU.ActiveCfg = Debug|Any CPU
		{05A05931-F2ED-4F1E-92E2-E53AE541B0A5}.Debug|Any CPU.Build.0 = Debug|Any CPU
		{05A05931-F2ED-4F1E-92E2-E53AE541B0A5}.Release|Any CPU.ActiveCfg = Release|Any CPU
		{05A05931-F2ED-4F1E-92E2-E53AE541B0A5}.Release|Any CPU.Build.0 = Release|Any CPU
	EndGlobalSection
	GlobalSection(SolutionProperties) = preSolution
		HideSolutionNode = FALSE
	EndGlobalSection
EndGlobal
